
Microsoft Visual Studio Solution File, Format Version 12.00
# Visual Studio 15
VisualStudioVersion = 15.0.27703.2026
MinimumVisualStudioVersion = 10.0.40219.1
Project("{FAE04EC0-301F-11D3-BF4B-00C04F79EFBC}") = "png8conv", "png8conv.csproj", "{E79BFD47-005A-4D69-9F2E-2242D1886E89}"
EndProject
Project("{FAE04EC0-301F-11D3-BF4B-00C04F79EFBC}") = "ImageProcessingLibrary", "..\ImageProcessingLibrary\ImageProcessingLibrary.csproj", "{586F9BEB-21B6-45D4-88ED-4836F1971A4A}"
EndProject
Project("{FAE04EC0-301F-11D3-BF4B-00C04F79EFBC}") = "UnitTest", "..\UnitTest\UnitTest.csproj", "{B30B8430-877A-453D-A982-1F9621D2505B}"
EndProject
Global
	GlobalSection(SolutionConfigurationPlatforms) = preSolution
		Debug|Any CPU = Debug|Any CPU
		Release|Any CPU = Release|Any CPU
	EndGlobalSection
	GlobalSection(ProjectConfigurationPlatforms) = postSolution
		{E79BFD47-005A-4D69-9F2E-2242D1886E89}.Debug|Any CPU.ActiveCfg = Debug|Any CPU
		{E79BFD47-005A-4D69-9F2E-2242D1886E89}.Debug|Any CPU.Build.0 = Debug|Any CPU
		{E79BFD47-005A-4D69-9F2E-2242D1886E89}.Release|Any CPU.ActiveCfg = Release|Any CPU
		{E79BFD47-005A-4D69-9F2E-2242D1886E89}.Release|Any CPU.Build.0 = Release|Any CPU
		{586F9BEB-21B6-45D4-88ED-4836F1971A4A}.Debug|Any CPU.ActiveCfg = Debug|Any CPU
		{586F9BEB-21B6-45D4-88ED-4836F1971A4A}.Debug|Any CPU.Build.0 = Debug|Any CPU
		{586F9BEB-21B6-45D4-88ED-4836F1971A4A}.Release|Any CPU.ActiveCfg = Release|Any CPU
		{586F9BEB-21B6-45D4-88ED-4836F1971A4A}.Release|Any CPU.Build.0 = Release|Any CPU
		{B30B8430-877A-453D-A982-1F9621D2505B}.Debug|Any CPU.ActiveCfg = Debug|Any CPU
		{B30B8430-877A-453D-A982-1F9621D2505B}.Debug|Any CPU.Build.0 = Debug|Any CPU
		{B30B8430-877A-453D-A982-1F9621D2505B}.Release|Any CPU.ActiveCfg = Release|Any CPU
		{B30B8430-877A-453D-A982-1F9621D2505B}.Release|Any CPU.Build.0 = Release|Any CPU
	EndGlobalSection
	GlobalSection(SolutionProperties) = preSolution
		HideSolutionNode = FALSE
	EndGlobalSection
	GlobalSection(ExtensibilityGlobals) = postSolution
		SolutionGuid = {F4F57504-8312-44D7-9D70-B09B2CE19887}
	EndGlobalSection
EndGlobal
